
Microsoft Visual Studio Solution File, Format Version 12.00
# Visual Studio Version 16
VisualStudioVersion = 16.0.31702.278
MinimumVisualStudioVersion = 10.0.40219.1
Project("{9A19103F-16F7-4668-BE54-9A1E7A4F7556}") = "Data", "Data\Data.csproj", "{C9C7E14B-D092-41AB-B2AB-B14270064FE6}"
EndProject
Project("{9A19103F-16F7-4668-BE54-9A1E7A4F7556}") = "SwcsAPI", "SwcsAPI\SwcsAPI.csproj", "{3B9CBC83-F6A7-406C-B2C1-0E7BC52A66D5}"
EndProject
Global
	GlobalSection(SolutionConfigurationPlatforms) = preSolution
		Debug|Any CPU = Debug|Any CPU
		Release|Any CPU = Release|Any CPU
	EndGlobalSection
	GlobalSection(ProjectConfigurationPlatforms) = postSolution
		{C9C7E14B-D092-41AB-B2AB-B14270064FE6}.Debug|Any CPU.ActiveCfg = Debug|Any CPU
		{C9C7E14B-D092-41AB-B2AB-B14270064FE6}.Debug|Any CPU.Build.0 = Debug|Any CPU
		{C9C7E14B-D092-41AB-B2AB-B14270064FE6}.Release|Any CPU.ActiveCfg = Release|Any CPU
		{C9C7E14B-D092-41AB-B2AB-B14270064FE6}.Release|Any CPU.Build.0 = Release|Any CPU
		{3B9CBC83-F6A7-406C-B2C1-0E7BC52A66D5}.Debug|Any CPU.ActiveCfg = Debug|Any CPU
		{3B9CBC83-F6A7-406C-B2C1-0E7BC52A66D5}.Debug|Any CPU.Build.0 = Debug|Any CPU
		{3B9CBC83-F6A7-406C-B2C1-0E7BC52A66D5}.Release|Any CPU.ActiveCfg = Release|Any CPU
		{3B9CBC83-F6A7-406C-B2C1-0E7BC52A66D5}.Release|Any CPU.Build.0 = Release|Any CPU
	EndGlobalSection
	GlobalSection(SolutionProperties) = preSolution
		HideSolutionNode = FALSE
	EndGlobalSection
	GlobalSection(ExtensibilityGlobals) = postSolution
		SolutionGuid = {C741D828-AD4F-4386-AFE8-F82601A8C9B5}
	EndGlobalSection
EndGlobal
